# novo.lock — auto-generated by novo pkg, do not edit

[ansi-nv]
source = "registry"
url = "https://registry.novo-lang.org"
req = "^0.2.2"
version = "0.2.2"
hash = "21a32699485d5fe48ab52b7a4db3301fdc764ee9064f83b4fd457ee62f8792d0"

[keymap-nv]
source = "registry"
url = "https://registry.novo-lang.org"
req = "^0.2.1"
version = "0.2.1"
hash = "6ed15e4fd098e28e0061220cea2b2e767cacfb76ec5d12098ff84082e3f36ec8"
